
Microsoft Visual Studio Solution File, Format Version 12.00
# Visual Studio Version 17
VisualStudioVersion = 17.5.002.0
MinimumVisualStudioVersion = 10.0.40219.1
Project("{2150E333-8FDC-42A3-9474-1A3956D46DE8}") = "langLabfiles", "langLabfiles", "{A2E0BA19-F34A-47F9-B8E7-3D50F825BB95}"
EndProject
Project("{2150E333-8FDC-42A3-9474-1A3956D46DE8}") = "01-analyze-text", "01-analyze-text", "{7AF9B6EA-45F9-4FD2-849F-81EEC1420E22}"
EndProject
Project("{2150E333-8FDC-42A3-9474-1A3956D46DE8}") = "C-Sharp", "C-Sharp", "{2AA5C55F-78D0-4F60-A14A-2146E88C35D0}"
EndProject
Project("{9A19103F-16F7-4668-BE54-9A1E7A4F7556}") = "text-analysis", "langLabfiles\01-analyze-text\C-Sharp\text-analysis\text-analysis.csproj", "{D05B20A5-ECA8-49C3-B281-8F5D3E58CD8B}"
EndProject
Project("{2150E333-8FDC-42A3-9474-1A3956D46DE8}") = "02-qna", "02-qna", "{C0D27012-CC81-42D7-9FAE-164456CC4272}"
EndProject
Project("{2150E333-8FDC-42A3-9474-1A3956D46DE8}") = "C-Sharp", "C-Sharp", "{97BDD63C-2E07-414A-9108-216A7AC9078A}"
EndProject
Project("{9A19103F-16F7-4668-BE54-9A1E7A4F7556}") = "qna-app", "langLabfiles\02-qna\C-Sharp\qna-app\qna-app.csproj", "{14BB9068-8B85-45E6-AE6C-26883F0B3565}"
EndProject
Project("{2150E333-8FDC-42A3-9474-1A3956D46DE8}") = "03-language", "03-language", "{29942A05-E6D1-49B8-9561-D2680C290411}"
EndProject
Project("{2150E333-8FDC-42A3-9474-1A3956D46DE8}") = "C-Sharp", "C-Sharp", "{DB7336C5-D1DC-4847-8DBE-2946DFB96064}"
EndProject
Project("{9A19103F-16F7-4668-BE54-9A1E7A4F7556}") = "clock_client", "langLabfiles\03-language\C-Sharp\clock-client\clock_client.csproj", "{AADEEDD2-E9FC-41DD-85A4-5698FEF5DC8B}"
EndProject
Project("{2150E333-8FDC-42A3-9474-1A3956D46DE8}") = "03b-language-app", "03b-language-app", "{30504E5C-4184-439D-8040-90F4CD3C1295}"
EndProject
Project("{2150E333-8FDC-42A3-9474-1A3956D46DE8}") = "C-Sharp", "C-Sharp", "{97F97121-B61B-4838-BEEA-B44053C03C11}"
EndProject
Project("{9A19103F-16F7-4668-BE54-9A1E7A4F7556}") = "clock_client", "langLabfiles\03b-language-app\C-Sharp\clock-client\clock_client.csproj", "{C8D676C7-CDC9-4BE5-8D03-13BF75814746}"
EndProject
Project("{2150E333-8FDC-42A3-9474-1A3956D46DE8}") = "04-text-classification", "04-text-classification", "{3A51CD9D-0E92-4086-8716-51CB2655CA66}"
EndProject
Project("{2150E333-8FDC-42A3-9474-1A3956D46DE8}") = "C-Sharp", "C-Sharp", "{D29A6D26-8A64-4219-9842-9E0D645660CB}"
EndProject
Project("{9A19103F-16F7-4668-BE54-9A1E7A4F7556}") = "classify-text", "langLabfiles\04-text-classification\C-Sharp\classify-text\classify-text.csproj", "{C0543F22-A748-4724-A241-C6DABCE6C69C}"
EndProject
Project("{2150E333-8FDC-42A3-9474-1A3956D46DE8}") = "05-custom-entity-recognition", "05-custom-entity-recognition", "{0346937C-9861-4D24-8886-7102DA4BA111}"
EndProject
Project("{2150E333-8FDC-42A3-9474-1A3956D46DE8}") = "C-Sharp", "C-Sharp", "{68EFB8BA-A11C-4EED-B663-CF2EC7A9DB59}"
EndProject
Project("{9A19103F-16F7-4668-BE54-9A1E7A4F7556}") = "custom-entities", "langLabfiles\05-custom-entity-recognition\C-Sharp\custom-entities\custom-entities.csproj", "{7F31D51F-464E-47BF-BC24-497980090DF9}"
EndProject
Project("{2150E333-8FDC-42A3-9474-1A3956D46DE8}") = "06-translate-text", "06-translate-text", "{AE88D2B0-0BA8-4DE5-A117-33BC78E243D5}"
EndProject
Project("{2150E333-8FDC-42A3-9474-1A3956D46DE8}") = "C-Sharp", "C-Sharp", "{842C80BF-AB79-446B-99C1-6FCBB06794C8}"
EndProject
Project("{9A19103F-16F7-4668-BE54-9A1E7A4F7556}") = "translate_text", "langLabfiles\06-translate-text\C-Sharp\text-translation\translate_text.csproj", "{F4B718EE-ACDA-43F9-AA65-D68229FA3463}"
EndProject
Project("{2150E333-8FDC-42A3-9474-1A3956D46DE8}") = "06b-translator-sdk", "06b-translator-sdk", "{B5FE5D77-3BFD-4572-9CF0-A13D217D87F5}"
EndProject
Project("{2150E333-8FDC-42A3-9474-1A3956D46DE8}") = "C-Sharp", "C-Sharp", "{2E06EDB7-83D9-4759-BC7E-985D746FD407}"
EndProject
Project("{9A19103F-16F7-4668-BE54-9A1E7A4F7556}") = "translate_text", "langLabfiles\06b-translator-sdk\C-Sharp\translate-text\translate_text.csproj", "{A8E7C94F-5D2A-46F5-8B03-E70E5FF4050F}"
EndProject
Project("{2150E333-8FDC-42A3-9474-1A3956D46DE8}") = "07-speech", "07-speech", "{1135B1C0-12D1-4A7C-9ECA-6C5B7CD1F5CF}"
EndProject
Project("{2150E333-8FDC-42A3-9474-1A3956D46DE8}") = "C-Sharp", "C-Sharp", "{81E8612C-6C7B-419E-85EB-2A379409687D}"
EndProject
Project("{9A19103F-16F7-4668-BE54-9A1E7A4F7556}") = "speaking-clock", "langLabfiles\07-speech\C-Sharp\speaking-clock\speaking-clock.csproj", "{54191683-737E-4F65-8F8A-2C79A31A1B32}"
EndProject
Project("{2150E333-8FDC-42A3-9474-1A3956D46DE8}") = "08-speech-translation", "08-speech-translation", "{BB1B802F-12BD-4C6F-A17E-1A7F13472CD8}"
EndProject
Project("{2150E333-8FDC-42A3-9474-1A3956D46DE8}") = "C-Sharp", "C-Sharp", "{8EC42313-3890-41D3-9E8A-F800B8C01CBD}"
EndProject
Project("{9A19103F-16F7-4668-BE54-9A1E7A4F7556}") = "translator", "langLabfiles\08-speech-translation\C-Sharp\translator\translator.csproj", "{A9FB88DD-2632-400E-9183-79B9831527B9}"
EndProject
Project("{2150E333-8FDC-42A3-9474-1A3956D46DE8}") = "visionLabfiles", "visionLabfiles", "{673D6C8C-D992-40B8-A7F6-3F60704436D1}"
EndProject
Project("{2150E333-8FDC-42A3-9474-1A3956D46DE8}") = "01-analyze-images", "01-analyze-images", "{D4C7DF8E-2C90-41CD-A870-80CD5E355BED}"
EndProject
Project("{2150E333-8FDC-42A3-9474-1A3956D46DE8}") = "C-Sharp", "C-Sharp", "{17C6D037-E7B8-4FB5-A0E7-7847DA586F8F}"
EndProject
Project("{9A19103F-16F7-4668-BE54-9A1E7A4F7556}") = "image-analysis", "visionLabfiles\01-analyze-images\C-Sharp\image-analysis\image-analysis.csproj", "{E0D4F782-59AC-42F3-AC8A-93A9FA21ED6C}"
EndProject
Project("{2150E333-8FDC-42A3-9474-1A3956D46DE8}") = "03-object-detection", "03-object-detection", "{367BF65C-D93D-4C6F-B244-44C649873044}"
EndProject
Project("{2150E333-8FDC-42A3-9474-1A3956D46DE8}") = "C-Sharp", "C-Sharp", "{44C16C95-B758-41F0-B7A4-26F910E1B432}"
EndProject
Project("{9A19103F-16F7-4668-BE54-9A1E7A4F7556}") = "test-detector", "visionLabfiles\03-object-detection\C-Sharp\test-detector\test-detector.csproj", "{76186F31-9C08-4AB3-90CE-15DA4DA5AE06}"
EndProject
Project("{9A19103F-16F7-4668-BE54-9A1E7A4F7556}") = "train-detector", "visionLabfiles\03-object-detection\C-Sharp\train-detector\train-detector.csproj", "{7A91C0D0-D60E-4AFE-9C4B-6B6AFC7CD2E1}"
EndProject
Project("{2150E333-8FDC-42A3-9474-1A3956D46DE8}") = "04-face", "04-face", "{335AB758-4F21-4853-8944-FA091DAD3E21}"
EndProject
Project("{2150E333-8FDC-42A3-9474-1A3956D46DE8}") = "C-Sharp", "C-Sharp", "{B24F33F8-C443-4221-9D72-A0A51F4024E5}"
EndProject
Project("{9A19103F-16F7-4668-BE54-9A1E7A4F7556}") = "detect-people", "visionLabfiles\04-face\C-Sharp\computer-vision\detect-people.csproj", "{7DFB53BD-5387-47AC-B19D-73271AB7A171}"
EndProject
Project("{9A19103F-16F7-4668-BE54-9A1E7A4F7556}") = "analyze-faces", "visionLabfiles\04-face\C-Sharp\face-api\analyze-faces.csproj", "{363994A7-6FFA-43E4-9955-36D9F5C0F826}"
EndProject
Project("{2150E333-8FDC-42A3-9474-1A3956D46DE8}") = "05-ocr", "05-ocr", "{3CD0FFC8-A502-4921-9564-AFD0DBA2E2C4}"
EndProject
Project("{2150E333-8FDC-42A3-9474-1A3956D46DE8}") = "C-Sharp", "C-Sharp", "{CF9FC8C1-2623-4422-B693-F805A6A8D475}"
EndProject
Project("{9A19103F-16F7-4668-BE54-9A1E7A4F7556}") = "read-text", "visionLabfiles\05-ocr\C-Sharp\read-text\read-text.csproj", "{83C7BD82-C0E7-45D0-A7B8-0911C28088B5}"
EndProject
Project("{2150E333-8FDC-42A3-9474-1A3956D46DE8}") = "07-custom-vision-image-classification", "07-custom-vision-image-classification", "{7815EBDE-B162-4222-89A1-1E49B2E1DA9F}"
EndProject
Project("{2150E333-8FDC-42A3-9474-1A3956D46DE8}") = "C-Sharp", "C-Sharp", "{B3CB8B7F-38B3-44E5-A5E2-16BF1921DEF1}"
EndProject
Project("{9A19103F-16F7-4668-BE54-9A1E7A4F7556}") = "test-classifier", "visionLabfiles\07-custom-vision-image-classification\C-Sharp\test-classifier\test-classifier.csproj", "{E8E48FC3-B3D5-4AC0-AA96-D2D52A1F29C5}"
EndProject
Project("{9A19103F-16F7-4668-BE54-9A1E7A4F7556}") = "train-classifier", "visionLabfiles\07-custom-vision-image-classification\C-Sharp\train-classifier\train-classifier.csproj", "{DDDBB69A-29E8-4A80-9144-520FB150488F}"
EndProject
Global
	GlobalSection(SolutionConfigurationPlatforms) = preSolution
		Debug|Any CPU = Debug|Any CPU
		Release|Any CPU = Release|Any CPU
	EndGlobalSection
	GlobalSection(ProjectConfigurationPlatforms) = postSolution
		{D05B20A5-ECA8-49C3-B281-8F5D3E58CD8B}.Debug|Any CPU.ActiveCfg = Debug|Any CPU
		{D05B20A5-ECA8-49C3-B281-8F5D3E58CD8B}.Debug|Any CPU.Build.0 = Debug|Any CPU
		{D05B20A5-ECA8-49C3-B281-8F5D3E58CD8B}.Release|Any CPU.ActiveCfg = Release|Any CPU
		{D05B20A5-ECA8-49C3-B281-8F5D3E58CD8B}.Release|Any CPU.Build.0 = Release|Any CPU
		{14BB9068-8B85-45E6-AE6C-26883F0B3565}.Debug|Any CPU.ActiveCfg = Debug|Any CPU
		{14BB9068-8B85-45E6-AE6C-26883F0B3565}.Debug|Any CPU.Build.0 = Debug|Any CPU
		{14BB9068-8B85-45E6-AE6C-26883F0B3565}.Release|Any CPU.ActiveCfg = Release|Any CPU
		{14BB9068-8B85-45E6-AE6C-26883F0B3565}.Release|Any CPU.Build.0 = Release|Any CPU
		{AADEEDD2-E9FC-41DD-85A4-5698FEF5DC8B}.Debug|Any CPU.ActiveCfg = Debug|Any CPU
		{AADEEDD2-E9FC-41DD-85A4-5698FEF5DC8B}.Debug|Any CPU.Build.0 = Debug|Any CPU
		{AADEEDD2-E9FC-41DD-85A4-5698FEF5DC8B}.Release|Any CPU.ActiveCfg = Release|Any CPU
		{AADEEDD2-E9FC-41DD-85A4-5698FEF5DC8B}.Release|Any CPU.Build.0 = Release|Any CPU
		{C8D676C7-CDC9-4BE5-8D03-13BF75814746}.Debug|Any CPU.ActiveCfg = Debug|Any CPU
		{C8D676C7-CDC9-4BE5-8D03-13BF75814746}.Debug|Any CPU.Build.0 = Debug|Any CPU
		{C8D676C7-CDC9-4BE5-8D03-13BF75814746}.Release|Any CPU.ActiveCfg = Release|Any CPU
		{C8D676C7-CDC9-4BE5-8D03-13BF75814746}.Release|Any CPU.Build.0 = Release|Any CPU
		{C0543F22-A748-4724-A241-C6DABCE6C69C}.Debug|Any CPU.ActiveCfg = Debug|Any CPU
		{C0543F22-A748-4724-A241-C6DABCE6C69C}.Debug|Any CPU.Build.0 = Debug|Any CPU
		{C0543F22-A748-4724-A241-C6DABCE6C69C}.Release|Any CPU.ActiveCfg = Release|Any CPU
		{C0543F22-A748-4724-A241-C6DABCE6C69C}.Release|Any CPU.Build.0 = Release|Any CPU
		{7F31D51F-464E-47BF-BC24-497980090DF9}.Debug|Any CPU.ActiveCfg = Debug|Any CPU
		{7F31D51F-464E-47BF-BC24-497980090DF9}.Debug|Any CPU.Build.0 = Debug|Any CPU
		{7F31D51F-464E-47BF-BC24-497980090DF9}.Release|Any CPU.ActiveCfg = Release|Any CPU
		{7F31D51F-464E-47BF-BC24-497980090DF9}.Release|Any CPU.Build.0 = Release|Any CPU
		{F4B718EE-ACDA-43F9-AA65-D68229FA3463}.Debug|Any CPU.ActiveCfg = Debug|Any CPU
		{F4B718EE-ACDA-43F9-AA65-D68229FA3463}.Debug|Any CPU.Build.0 = Debug|Any CPU
		{F4B718EE-ACDA-43F9-AA65-D68229FA3463}.Release|Any CPU.ActiveCfg = Release|Any CPU
		{F4B718EE-ACDA-43F9-AA65-D68229FA3463}.Release|Any CPU.Build.0 = Release|Any CPU
		{A8E7C94F-5D2A-46F5-8B03-E70E5FF4050F}.Debug|Any CPU.ActiveCfg = Debug|Any CPU
		{A8E7C94F-5D2A-46F5-8B03-E70E5FF4050F}.Debug|Any CPU.Build.0 = Debug|Any CPU
		{A8E7C94F-5D2A-46F5-8B03-E70E5FF4050F}.Release|Any CPU.ActiveCfg = Release|Any CPU
		{A8E7C94F-5D2A-46F5-8B03-E70E5FF4050F}.Release|Any CPU.Build.0 = Release|Any CPU
		{54191683-737E-4F65-8F8A-2C79A31A1B32}.Debug|Any CPU.ActiveCfg = Debug|Any CPU
		{54191683-737E-4F65-8F8A-2C79A31A1B32}.Debug|Any CPU.Build.0 = Debug|Any CPU
		{54191683-737E-4F65-8F8A-2C79A31A1B32}.Release|Any CPU.ActiveCfg = Release|Any CPU
		{54191683-737E-4F65-8F8A-2C79A31A1B32}.Release|Any CPU.Build.0 = Release|Any CPU
		{A9FB88DD-2632-400E-9183-79B9831527B9}.Debug|Any CPU.ActiveCfg = Debug|Any CPU
		{A9FB88DD-2632-400E-9183-79B9831527B9}.Debug|Any CPU.Build.0 = Debug|Any CPU
		{A9FB88DD-2632-400E-9183-79B9831527B9}.Release|Any CPU.ActiveCfg = Release|Any CPU
		{A9FB88DD-2632-400E-9183-79B9831527B9}.Release|Any CPU.Build.0 = Release|Any CPU
		{E0D4F782-59AC-42F3-AC8A-93A9FA21ED6C}.Debug|Any CPU.ActiveCfg = Debug|Any CPU
		{E0D4F782-59AC-42F3-AC8A-93A9FA21ED6C}.Debug|Any CPU.Build.0 = Debug|Any CPU
		{E0D4F782-59AC-42F3-AC8A-93A9FA21ED6C}.Release|Any CPU.ActiveCfg = Release|Any CPU
		{E0D4F782-59AC-42F3-AC8A-93A9FA21ED6C}.Release|Any CPU.Build.0 = Release|Any CPU
		{76186F31-9C08-4AB3-90CE-15DA4DA5AE06}.Debug|Any CPU.ActiveCfg = Debug|Any CPU
		{76186F31-9C08-4AB3-90CE-15DA4DA5AE06}.Debug|Any CPU.Build.0 = Debug|Any CPU
		{76186F31-9C08-4AB3-90CE-15DA4DA5AE06}.Release|Any CPU.ActiveCfg = Release|Any CPU
		{76186F31-9C08-4AB3-90CE-15DA4DA5AE06}.Release|Any CPU.Build.0 = Release|Any CPU
		{7A91C0D0-D60E-4AFE-9C4B-6B6AFC7CD2E1}.Debug|Any CPU.ActiveCfg = Debug|Any CPU
		{7A91C0D0-D60E-4AFE-9C4B-6B6AFC7CD2E1}.Debug|Any CPU.Build.0 = Debug|Any CPU
		{7A91C0D0-D60E-4AFE-9C4B-6B6AFC7CD2E1}.Release|Any CPU.ActiveCfg = Release|Any CPU
		{7A91C0D0-D60E-4AFE-9C4B-6B6AFC7CD2E1}.Release|Any CPU.Build.0 = Release|Any CPU
		{7DFB53BD-5387-47AC-B19D-73271AB7A171}.Debug|Any CPU.ActiveCfg = Debug|Any CPU
		{7DFB53BD-5387-47AC-B19D-73271AB7A171}.Debug|Any CPU.Build.0 = Debug|Any CPU
		{7DFB53BD-5387-47AC-B19D-73271AB7A171}.Release|Any CPU.ActiveCfg = Release|Any CPU
		{7DFB53BD-5387-47AC-B19D-73271AB7A171}.Release|Any CPU.Build.0 = Release|Any CPU
		{363994A7-6FFA-43E4-9955-36D9F5C0F826}.Debug|Any CPU.ActiveCfg = Debug|Any CPU
		{363994A7-6FFA-43E4-9955-36D9F5C0F826}.Debug|Any CPU.Build.0 = Debug|Any CPU
		{363994A7-6FFA-43E4-9955-36D9F5C0F826}.Release|Any CPU.ActiveCfg = Release|Any CPU
		{363994A7-6FFA-43E4-9955-36D9F5C0F826}.Release|Any CPU.Build.0 = Release|Any CPU
		{83C7BD82-C0E7-45D0-A7B8-0911C28088B5}.Debug|Any CPU.ActiveCfg = Debug|Any CPU
		{83C7BD82-C0E7-45D0-A7B8-0911C28088B5}.Debug|Any CPU.Build.0 = Debug|Any CPU
		{83C7BD82-C0E7-45D0-A7B8-0911C28088B5}.Release|Any CPU.ActiveCfg = Release|Any CPU
		{83C7BD82-C0E7-45D0-A7B8-0911C28088B5}.Release|Any CPU.Build.0 = Release|Any CPU
		{E8E48FC3-B3D5-4AC0-AA96-D2D52A1F29C5}.Debug|Any CPU.ActiveCfg = Debug|Any CPU
		{E8E48FC3-B3D5-4AC0-AA96-D2D52A1F29C5}.Debug|Any CPU.Build.0 = Debug|Any CPU
		{E8E48FC3-B3D5-4AC0-AA96-D2D52A1F29C5}.Release|Any CPU.ActiveCfg = Release|Any CPU
		{E8E48FC3-B3D5-4AC0-AA96-D2D52A1F29C5}.Release|Any CPU.Build.0 = Release|Any CPU
		{DDDBB69A-29E8-4A80-9144-520FB150488F}.Debug|Any CPU.ActiveCfg = Debug|Any CPU
		{DDDBB69A-29E8-4A80-9144-520FB150488F}.Debug|Any CPU.Build.0 = Debug|Any CPU
		{DDDBB69A-29E8-4A80-9144-520FB150488F}.Release|Any CPU.ActiveCfg = Release|Any CPU
		{DDDBB69A-29E8-4A80-9144-520FB150488F}.Release|Any CPU.Build.0 = Release|Any CPU
	EndGlobalSection
	GlobalSection(SolutionProperties) = preSolution
		HideSolutionNode = FALSE
	EndGlobalSection
	GlobalSection(NestedProjects) = preSolution
		{7AF9B6EA-45F9-4FD2-849F-81EEC1420E22} = {A2E0BA19-F34A-47F9-B8E7-3D50F825BB95}
		{2AA5C55F-78D0-4F60-A14A-2146E88C35D0} = {7AF9B6EA-45F9-4FD2-849F-81EEC1420E22}
		{D05B20A5-ECA8-49C3-B281-8F5D3E58CD8B} = {2AA5C55F-78D0-4F60-A14A-2146E88C35D0}
		{C0D27012-CC81-42D7-9FAE-164456CC4272} = {A2E0BA19-F34A-47F9-B8E7-3D50F825BB95}
		{97BDD63C-2E07-414A-9108-216A7AC9078A} = {C0D27012-CC81-42D7-9FAE-164456CC4272}
		{14BB9068-8B85-45E6-AE6C-26883F0B3565} = {97BDD63C-2E07-414A-9108-216A7AC9078A}
		{29942A05-E6D1-49B8-9561-D2680C290411} = {A2E0BA19-F34A-47F9-B8E7-3D50F825BB95}
		{DB7336C5-D1DC-4847-8DBE-2946DFB96064} = {29942A05-E6D1-49B8-9561-D2680C290411}
		{AADEEDD2-E9FC-41DD-85A4-5698FEF5DC8B} = {DB7336C5-D1DC-4847-8DBE-2946DFB96064}
		{30504E5C-4184-439D-8040-90F4CD3C1295} = {A2E0BA19-F34A-47F9-B8E7-3D50F825BB95}
		{97F97121-B61B-4838-BEEA-B44053C03C11} = {30504E5C-4184-439D-8040-90F4CD3C1295}
		{C8D676C7-CDC9-4BE5-8D03-13BF75814746} = {97F97121-B61B-4838-BEEA-B44053C03C11}
		{3A51CD9D-0E92-4086-8716-51CB2655CA66} = {A2E0BA19-F34A-47F9-B8E7-3D50F825BB95}
		{D29A6D26-8A64-4219-9842-9E0D645660CB} = {3A51CD9D-0E92-4086-8716-51CB2655CA66}
		{C0543F22-A748-4724-A241-C6DABCE6C69C} = {D29A6D26-8A64-4219-9842-9E0D645660CB}
		{0346937C-9861-4D24-8886-7102DA4BA111} = {A2E0BA19-F34A-47F9-B8E7-3D50F825BB95}
		{68EFB8BA-A11C-4EED-B663-CF2EC7A9DB59} = {0346937C-9861-4D24-8886-7102DA4BA111}
		{7F31D51F-464E-47BF-BC24-497980090DF9} = {68EFB8BA-A11C-4EED-B663-CF2EC7A9DB59}
		{AE88D2B0-0BA8-4DE5-A117-33BC78E243D5} = {A2E0BA19-F34A-47F9-B8E7-3D50F825BB95}
		{842C80BF-AB79-446B-99C1-6FCBB06794C8} = {AE88D2B0-0BA8-4DE5-A117-33BC78E243D5}
		{F4B718EE-ACDA-43F9-AA65-D68229FA3463} = {842C80BF-AB79-446B-99C1-6FCBB06794C8}
		{B5FE5D77-3BFD-4572-9CF0-A13D217D87F5} = {A2E0BA19-F34A-47F9-B8E7-3D50F825BB95}
		{2E06EDB7-83D9-4759-BC7E-985D746FD407} = {B5FE5D77-3BFD-4572-9CF0-A13D217D87F5}
		{A8E7C94F-5D2A-46F5-8B03-E70E5FF4050F} = {2E06EDB7-83D9-4759-BC7E-985D746FD407}
		{1135B1C0-12D1-4A7C-9ECA-6C5B7CD1F5CF} = {A2E0BA19-F34A-47F9-B8E7-3D50F825BB95}
		{81E8612C-6C7B-419E-85EB-2A379409687D} = {1135B1C0-12D1-4A7C-9ECA-6C5B7CD1F5CF}
		{54191683-737E-4F65-8F8A-2C79A31A1B32} = {81E8612C-6C7B-419E-85EB-2A379409687D}
		{BB1B802F-12BD-4C6F-A17E-1A7F13472CD8} = {A2E0BA19-F34A-47F9-B8E7-3D50F825BB95}
		{8EC42313-3890-41D3-9E8A-F800B8C01CBD} = {BB1B802F-12BD-4C6F-A17E-1A7F13472CD8}
		{A9FB88DD-2632-400E-9183-79B9831527B9} = {8EC42313-3890-41D3-9E8A-F800B8C01CBD}
		{D4C7DF8E-2C90-41CD-A870-80CD5E355BED} = {673D6C8C-D992-40B8-A7F6-3F60704436D1}
		{17C6D037-E7B8-4FB5-A0E7-7847DA586F8F} = {D4C7DF8E-2C90-41CD-A870-80CD5E355BED}
		{E0D4F782-59AC-42F3-AC8A-93A9FA21ED6C} = {17C6D037-E7B8-4FB5-A0E7-7847DA586F8F}
		{367BF65C-D93D-4C6F-B244-44C649873044} = {673D6C8C-D992-40B8-A7F6-3F60704436D1}
		{44C16C95-B758-41F0-B7A4-26F910E1B432} = {367BF65C-D93D-4C6F-B244-44C649873044}
		{76186F31-9C08-4AB3-90CE-15DA4DA5AE06} = {44C16C95-B758-41F0-B7A4-26F910E1B432}
		{7A91C0D0-D60E-4AFE-9C4B-6B6AFC7CD2E1} = {44C16C95-B758-41F0-B7A4-26F910E1B432}
		{335AB758-4F21-4853-8944-FA091DAD3E21} = {673D6C8C-D992-40B8-A7F6-3F60704436D1}
		{B24F33F8-C443-4221-9D72-A0A51F4024E5} = {335AB758-4F21-4853-8944-FA091DAD3E21}
		{7DFB53BD-5387-47AC-B19D-73271AB7A171} = {B24F33F8-C443-4221-9D72-A0A51F4024E5}
		{363994A7-6FFA-43E4-9955-36D9F5C0F826} = {B24F33F8-C443-4221-9D72-A0A51F4024E5}
		{3CD0FFC8-A502-4921-9564-AFD0DBA2E2C4} = {673D6C8C-D992-40B8-A7F6-3F60704436D1}
		{CF9FC8C1-2623-4422-B693-F805A6A8D475} = {3CD0FFC8-A502-4921-9564-AFD0DBA2E2C4}
		{83C7BD82-C0E7-45D0-A7B8-0911C28088B5} = {CF9FC8C1-2623-4422-B693-F805A6A8D475}
		{7815EBDE-B162-4222-89A1-1E49B2E1DA9F} = {673D6C8C-D992-40B8-A7F6-3F60704436D1}
		{B3CB8B7F-38B3-44E5-A5E2-16BF1921DEF1} = {7815EBDE-B162-4222-89A1-1E49B2E1DA9F}
		{E8E48FC3-B3D5-4AC0-AA96-D2D52A1F29C5} = {B3CB8B7F-38B3-44E5-A5E2-16BF1921DEF1}
		{DDDBB69A-29E8-4A80-9144-520FB150488F} = {B3CB8B7F-38B3-44E5-A5E2-16BF1921DEF1}
	EndGlobalSection
	GlobalSection(ExtensibilityGlobals) = postSolution
		SolutionGuid = {42FBB87A-457E-4D4E-81BF-452B265D9999}
	EndGlobalSection
EndGlobal
